# THIS IS AN AUTOGENERATED FILE. DO NOT EDIT THIS FILE DIRECTLY.
# yarn lockfile v1


lodash@^4.17.11:
  version "4.17.11"
  resolved "https://registry.yarnpkg.com/lodash/-/lodash-4.17.11.tgz#b39ea6229ef607ecd89e2c8df12536891cac9b8d"
  integrity sha512-cQKh8igo5QUhZ7lg38DYWAxMvjSAKG0A8wGSVimP07SIUEK2UO+arSRKbRZWtelMtN5V0Hkwh5ryOto/SshYIg==

orga@^1.1.0:
  version "1.1.0"
  resolved "https://registry.yarnpkg.com/orga/-/orga-1.1.0.tgz#00555f74734ec1b2be0ca56ebd3de466cf646514"
  integrity sha512-KtC9Fjf/bChvQuHdYFNFfuwH6NUVtD+JaSqbkHBgi+F51ybBvYEsq/CUtGCkW6DhGcDtzCQUlFcD8RixRZuZWQ==
